
Microsoft Visual Studio Solution File, Format Version 12.00
# Visual Studio Version 17
VisualStudioVersion = 17.3.32901.215
MinimumVisualStudioVersion = 10.0.40219.1
Project("{FAE04EC0-301F-11D3-BF4B-00C04F79EFBC}") = "Petroineos.IntraDayReporting.Host", "Petroineos.IntraDayReporting.Host\Petroineos.IntraDayReporting.Host.csproj", "{A5E6755A-5273-4E47-AF2A-F98987F4EF17}"
EndProject
Project("{2150E333-8FDC-42A3-9474-1A3956D46DE8}") = "Solution Items", "Solution Items", "{797C2606-3543-4BF8-B454-E18186F0678A}"
	ProjectSection(SolutionItems) = preProject
		.gitignore = .gitignore
		PowerService.dll = PowerService.dll
	EndProjectSection
EndProject
Project("{FAE04EC0-301F-11D3-BF4B-00C04F79EFBC}") = "Petroineos.IntraDayReporting.Domain", "Petroineos.IntraDayReporting.Domain\Petroineos.IntraDayReporting.Domain.csproj", "{4D99D0AE-E32A-4BE6-8365-2B407FC2725C}"
EndProject
Project("{FAE04EC0-301F-11D3-BF4B-00C04F79EFBC}") = "Petroineos.IntraDayReporting.Service", "Petroineos.IntraDayReporting.Service\Petroineos.IntraDayReporting.Service.csproj", "{78924001-330D-476A-AA3C-07F9E7F77953}"
EndProject
Project("{FAE04EC0-301F-11D3-BF4B-00C04F79EFBC}") = "Petroineos.IntraDayReporting.Repository", "Petroineos.IntraDayReporting.Repository\Petroineos.IntraDayReporting.Repository.csproj", "{B449EC0B-0690-4882-BF32-58A57A0B00AF}"
EndProject
Project("{FAE04EC0-301F-11D3-BF4B-00C04F79EFBC}") = "Petroineos.IntraDayReporting.UnitTests", "Petroineos.IntraDayReporting.UnitTests\Petroineos.IntraDayReporting.UnitTests.csproj", "{D03179D9-120B-438F-B1DB-4A4E0FCF8AC5}"
EndProject
Global
	GlobalSection(SolutionConfigurationPlatforms) = preSolution
		Debug|Any CPU = Debug|Any CPU
		Release|Any CPU = Release|Any CPU
	EndGlobalSection
	GlobalSection(ProjectConfigurationPlatforms) = postSolution
		{A5E6755A-5273-4E47-AF2A-F98987F4EF17}.Debug|Any CPU.ActiveCfg = Debug|Any CPU
		{A5E6755A-5273-4E47-AF2A-F98987F4EF17}.Debug|Any CPU.Build.0 = Debug|Any CPU
		{A5E6755A-5273-4E47-AF2A-F98987F4EF17}.Release|Any CPU.ActiveCfg = Release|Any CPU
		{A5E6755A-5273-4E47-AF2A-F98987F4EF17}.Release|Any CPU.Build.0 = Release|Any CPU
		{4D99D0AE-E32A-4BE6-8365-2B407FC2725C}.Debug|Any CPU.ActiveCfg = Debug|Any CPU
		{4D99D0AE-E32A-4BE6-8365-2B407FC2725C}.Debug|Any CPU.Build.0 = Debug|Any CPU
		{4D99D0AE-E32A-4BE6-8365-2B407FC2725C}.Release|Any CPU.ActiveCfg = Release|Any CPU
		{4D99D0AE-E32A-4BE6-8365-2B407FC2725C}.Release|Any CPU.Build.0 = Release|Any CPU
		{78924001-330D-476A-AA3C-07F9E7F77953}.Debug|Any CPU.ActiveCfg = Debug|Any CPU
		{78924001-330D-476A-AA3C-07F9E7F77953}.Debug|Any CPU.Build.0 = Debug|Any CPU
		{78924001-330D-476A-AA3C-07F9E7F77953}.Release|Any CPU.ActiveCfg = Release|Any CPU
		{78924001-330D-476A-AA3C-07F9E7F77953}.Release|Any CPU.Build.0 = Release|Any CPU
		{B449EC0B-0690-4882-BF32-58A57A0B00AF}.Debug|Any CPU.ActiveCfg = Debug|Any CPU
		{B449EC0B-0690-4882-BF32-58A57A0B00AF}.Debug|Any CPU.Build.0 = Debug|Any CPU
		{B449EC0B-0690-4882-BF32-58A57A0B00AF}.Release|Any CPU.ActiveCfg = Release|Any CPU
		{B449EC0B-0690-4882-BF32-58A57A0B00AF}.Release|Any CPU.Build.0 = Release|Any CPU
		{D03179D9-120B-438F-B1DB-4A4E0FCF8AC5}.Debug|Any CPU.ActiveCfg = Debug|Any CPU
		{D03179D9-120B-438F-B1DB-4A4E0FCF8AC5}.Debug|Any CPU.Build.0 = Debug|Any CPU
		{D03179D9-120B-438F-B1DB-4A4E0FCF8AC5}.Release|Any CPU.ActiveCfg = Release|Any CPU
		{D03179D9-120B-438F-B1DB-4A4E0FCF8AC5}.Release|Any CPU.Build.0 = Release|Any CPU
	EndGlobalSection
	GlobalSection(SolutionProperties) = preSolution
		HideSolutionNode = FALSE
	EndGlobalSection
	GlobalSection(ExtensibilityGlobals) = postSolution
		SolutionGuid = {CA7E63C4-4EC3-41B4-A4A0-BACD50517951}
	EndGlobalSection
EndGlobal
